// !$*UTF8*$!
{
	archiveVersion = 1;
	classes = {
	};
	objectVersion = 55;
	objects = {

/* Begin PBXBuildFile section */
		581E3C7D27967D41003BC412 /* MealTableViewCell.xib in Resources */ = {isa = PBXBuildFile; fileRef = 581E3C7C27967D41003BC412 /* MealTableViewCell.xib */; };
		581E3C8027967D78003BC412 /* MealTableViewCell.swift in Sources */ = {isa = PBXBuildFile; fileRef = 581E3C7F27967D78003BC412 /* MealTableViewCell.swift */; };
		581E3C8227967D7F003BC412 /* CategoryTableViewCell.xib in Resources */ = {isa = PBXBuildFile; fileRef = 581E3C8127967D7F003BC412 /* CategoryTableViewCell.xib */; };
		581E3C8427967D87003BC412 /* CategoryTableViewCell.swift in Sources */ = {isa = PBXBuildFile; fileRef = 581E3C8327967D87003BC412 /* CategoryTableViewCell.swift */; };
		581E3C86279680AC003BC412 /* APIHandler.swift in Sources */ = {isa = PBXBuildFile; fileRef = 581E3C85279680AC003BC412 /* APIHandler.swift */; };
		581E3C8927968C10003BC412 /* Errors.swift in Sources */ = {isa = PBXBuildFile; fileRef = 581E3C8827968C10003BC412 /* Errors.swift */; };
		588AE23A27935D5D00F8B460 /* AppDelegate.swift in Sources */ = {isa = PBXBuildFile; fileRef = 588AE23927935D5D00F8B460 /* AppDelegate.swift */; };
		588AE23C27935D5D00F8B460 /* SceneDelegate.swift in Sources */ = {isa = PBXBuildFile; fileRef = 588AE23B27935D5D00F8B460 /* SceneDelegate.swift */; };
		588AE23E27935D5D00F8B460 /* CategoryViewController.swift in Sources */ = {isa = PBXBuildFile; fileRef = 588AE23D27935D5D00F8B460 /* CategoryViewController.swift */; };
		588AE24127935D5D00F8B460 /* Main.storyboard in Resources */ = {isa = PBXBuildFile; fileRef = 588AE23F27935D5D00F8B460 /* Main.storyboard */; };
		588AE24327935D5E00F8B460 /* Assets.xcassets in Resources */ = {isa = PBXBuildFile; fileRef = 588AE24227935D5E00F8B460 /* Assets.xcassets */; };
		588AE24627935D5E00F8B460 /* LaunchScreen.storyboard in Resources */ = {isa = PBXBuildFile; fileRef = 588AE24427935D5E00F8B460 /* LaunchScreen.storyboard */; };
		588AE24E27935F0200F8B460 /* MealData.swift in Sources */ = {isa = PBXBuildFile; fileRef = 588AE24D27935F0200F8B460 /* MealData.swift */; };
		588AE25227935FEF00F8B460 /* Extensions.swift in Sources */ = {isa = PBXBuildFile; fileRef = 588AE25127935FEF00F8B460 /* Extensions.swift */; };
		588AE25627936D5A00F8B460 /* MealViewController.swift in Sources */ = {isa = PBXBuildFile; fileRef = 588AE25527936D5A00F8B460 /* MealViewController.swift */; };
		588AE25927936DB300F8B460 /* CategoriesData.swift in Sources */ = {isa = PBXBuildFile; fileRef = 588AE25827936DB300F8B460 /* CategoriesData.swift */; };
		58D08B4E279737610010FED7 /* DetailViewController.swift in Sources */ = {isa = PBXBuildFile; fileRef = 58D08B4D279737610010FED7 /* DetailViewController.swift */; };
		58D08B50279738030010FED7 /* MealDetailsData.swift in Sources */ = {isa = PBXBuildFile; fileRef = 58D08B4F279738030010FED7 /* MealDetailsData.swift */; };
/* End PBXBuildFile section */

/* Begin PBXFileReference section */
		581E3C7C27967D41003BC412 /* MealTableViewCell.xib */ = {isa = PBXFileReference; fileEncoding = 4; lastKnownFileType = file.xib; path = MealTableViewCell.xib; sourceTree = "<group>"; };
		581E3C7F27967D78003BC412 /* MealTableViewCell.swift */ = {isa = PBXFileReference; lastKnownFileType = sourcecode.swift; path = MealTableViewCell.swift; sourceTree = "<group>"; };
		581E3C8127967D7F003BC412 /* CategoryTableViewCell.xib */ = {isa = PBXFileReference; fileEncoding = 4; lastKnownFileType = file.xib; path = CategoryTableViewCell.xib; sourceTree = "<group>"; };
		581E3C8327967D87003BC412 /* CategoryTableViewCell.swift */ = {isa = PBXFileReference; lastKnownFileType = sourcecode.swift; path = CategoryTableViewCell.swift; sourceTree = "<group>"; };
		581E3C85279680AC003BC412 /* APIHandler.swift */ = {isa = PBXFileReference; lastKnownFileType = sourcecode.swift; path = APIHandler.swift; sourceTree = "<group>"; };
		581E3C8827968C10003BC412 /* Errors.swift */ = {isa = PBXFileReference; lastKnownFileType = sourcecode.swift; path = Errors.swift; sourceTree = "<group>"; };
		588AE23627935D5D00F8B460 /* theMealDbChallenge.app */ = {isa = PBXFileReference; explicitFileType = wrapper.application; includeInIndex = 0; path = theMealDbChallenge.app; sourceTree = BUILT_PRODUCTS_DIR; };
		588AE23927935D5D00F8B460 /* AppDelegate.swift */ = {isa = PBXFileReference; lastKnownFileType = sourcecode.swift; path = AppDelegate.swift; sourceTree = "<group>"; };
		588AE23B27935D5D00F8B460 /* SceneDelegate.swift */ = {isa = PBXFileReference; lastKnownFileType = sourcecode.swift; path = SceneDelegate.swift; sourceTree = "<group>"; };
		588AE23D27935D5D00F8B460 /* CategoryViewController.swift */ = {isa = PBXFileReference; lastKnownFileType = sourcecode.swift; path = CategoryViewController.swift; sourceTree = "<group>"; };
		588AE24027935D5D00F8B460 /* Base */ = {isa = PBXFileReference; lastKnownFileType = file.storyboard; name = Base; path = Base.lproj/Main.storyboard; sourceTree = "<group>"; };
		588AE24227935D5E00F8B460 /* Assets.xcassets */ = {isa = PBXFileReference; lastKnownFileType = folder.assetcatalog; path = Assets.xcassets; sourceTree = "<group>"; };
		588AE24527935D5E00F8B460 /* Base */ = {isa = PBXFileReference; lastKnownFileType = file.storyboard; name = Base; path = Base.lproj/LaunchScreen.storyboard; sourceTree = "<group>"; };
		588AE24727935D5E00F8B460 /* Info.plist */ = {isa = PBXFileReference; lastKnownFileType = text.plist.xml; path = Info.plist; sourceTree = "<group>"; };
		588AE24D27935F0200F8B460 /* MealData.swift */ = {isa = PBXFileReference; lastKnownFileType = sourcecode.swift; path = MealData.swift; sourceTree = "<group>"; };
		588AE25127935FEF00F8B460 /* Extensions.swift */ = {isa = PBXFileReference; lastKnownFileType = sourcecode.swift; path = Extensions.swift; sourceTree = "<group>"; };
		588AE25527936D5A00F8B460 /* MealViewController.swift */ = {isa = PBXFileReference; lastKnownFileType = sourcecode.swift; path = MealViewController.swift; sourceTree = "<group>"; };
		588AE25827936DB300F8B460 /* CategoriesData.swift */ = {isa = PBXFileReference; lastKnownFileType = sourcecode.swift; path = CategoriesData.swift; sourceTree = "<group>"; };
		58D08B4D279737610010FED7 /* DetailViewController.swift */ = {isa = PBXFileReference; lastKnownFileType = sourcecode.swift; path = DetailViewController.swift; sourceTree = "<group>"; };
		58D08B4F279738030010FED7 /* MealDetailsData.swift */ = {isa = PBXFileReference; lastKnownFileType = sourcecode.swift; path = MealDetailsData.swift; sourceTree = "<group>"; };
/* End PBXFileReference section */

/* Begin PBXFrameworksBuildPhase section */
		588AE23327935D5D00F8B460 /* Frameworks */ = {
			isa = PBXFrameworksBuildPhase;
			buildActionMask = 2147483647;
			files = (
			);
			runOnlyForDeploymentPostprocessing = 0;
		};
/* End PBXFrameworksBuildPhase section */

/* Begin PBXGroup section */
		581E3C7B27967AC9003BC412 /* Support */ = {
			isa = PBXGroup;
			children = (
				588AE23F27935D5D00F8B460 /* Main.storyboard */,
				588AE24427935D5E00F8B460 /* LaunchScreen.storyboard */,
				588AE24227935D5E00F8B460 /* Assets.xcassets */,
				588AE23B27935D5D00F8B460 /* SceneDelegate.swift */,
				588AE23927935D5D00F8B460 /* AppDelegate.swift */,
			);
			path = Support;
			sourceTree = "<group>";
		};
		581E3C7E27967D45003BC412 /* TableViewCells */ = {
			isa = PBXGroup;
			children = (
				581E3C7C27967D41003BC412 /* MealTableViewCell.xib */,
				581E3C7F27967D78003BC412 /* MealTableViewCell.swift */,
				581E3C8127967D7F003BC412 /* CategoryTableViewCell.xib */,
				581E3C8327967D87003BC412 /* CategoryTableViewCell.swift */,
			);
			path = TableViewCells;
			sourceTree = "<group>";
		};
		581E3C87279680B7003BC412 /* API */ = {
			isa = PBXGroup;
			children = (
				581E3C85279680AC003BC412 /* APIHandler.swift */,
				581E3C8827968C10003BC412 /* Errors.swift */,
			);
			path = API;
			sourceTree = "<group>";
		};
		588AE22D27935D5D00F8B460 = {
			isa = PBXGroup;
			children = (
				588AE23827935D5D00F8B460 /* theMealDbChallenge */,
				588AE23727935D5D00F8B460 /* Products */,
			);
			sourceTree = "<group>";
		};
		588AE23727935D5D00F8B460 /* Products */ = {
			isa = PBXGroup;
			children = (
				588AE23627935D5D00F8B460 /* theMealDbChallenge.app */,
			);
			name = Products;
			sourceTree = "<group>";
		};
		588AE23827935D5D00F8B460 /* theMealDbChallenge */ = {
			isa = PBXGroup;
			children = (
				588AE24F27935FDB00F8B460 /* Model */,
				581E3C87279680B7003BC412 /* API */,
				588AE25727936D5F00F8B460 /* Views */,
				588AE25027935FE300F8B460 /* Extensions */,
				581E3C7E27967D45003BC412 /* TableViewCells */,
				581E3C7B27967AC9003BC412 /* Support */,
				588AE24727935D5E00F8B460 /* Info.plist */,
			);
			path = theMealDbChallenge;
			sourceTree = "<group>";
		};
		588AE24F27935FDB00F8B460 /* Model */ = {
			isa = PBXGroup;
			children = (
				588AE25827936DB300F8B460 /* CategoriesData.swift */,
				588AE24D27935F0200F8B460 /* MealData.swift */,
				58D08B4F279738030010FED7 /* MealDetailsData.swift */,
			);
			path = Model;
			sourceTree = "<group>";
		};
		588AE25027935FE300F8B460 /* Extensions */ = {
			isa = PBXGroup;
			children = (
				588AE25127935FEF00F8B460 /* Extensions.swift */,
			);
			path = Extensions;
			sourceTree = "<group>";
		};
		588AE25727936D5F00F8B460 /* Views */ = {
			isa = PBXGroup;
			children = (
				588AE23D27935D5D00F8B460 /* CategoryViewController.swift */,
				588AE25527936D5A00F8B460 /* MealViewController.swift */,
				58D08B4D279737610010FED7 /* DetailViewController.swift */,
			);
			path = Views;
			sourceTree = "<group>";
		};
/* End PBXGroup section */

/* Begin PBXNativeTarget section */
		588AE23527935D5D00F8B460 /* theMealDbChallenge */ = {
			isa = PBXNativeTarget;
			buildConfigurationList = 588AE24A27935D5E00F8B460 /* Build configuration list for PBXNativeTarget "theMealDbChallenge" */;
			buildPhases = (
				588AE23227935D5D00F8B460 /* Sources */,
				588AE23327935D5D00F8B460 /* Frameworks */,
				588AE23427935D5D00F8B460 /* Resources */,
			);
			buildRules = (
			);
			dependencies = (
			);
			name = theMealDbChallenge;
			productName = theMealDbChallenge;
			productReference = 588AE23627935D5D00F8B460 /* theMealDbChallenge.app */;
			productType = "com.apple.product-type.application";
		};
/* End PBXNativeTarget section */

/* Begin PBXProject section */
		588AE22E27935D5D00F8B460 /* Project object */ = {
			isa = PBXProject;
			attributes = {
				BuildIndependentTargetsInParallel = 1;
				LastSwiftUpdateCheck = 1320;
				LastUpgradeCheck = 1320;
				TargetAttributes = {
					588AE23527935D5D00F8B460 = {
						CreatedOnToolsVersion = 13.2.1;
					};
				};
			};
			buildConfigurationList = 588AE23127935D5D00F8B460 /* Build configuration list for PBXProject "theMealDbChallenge" */;
			compatibilityVersion = "Xcode 13.0";
			developmentRegion = en;
			hasScannedForEncodings = 0;
			knownRegions = (
				en,
				Base,
			);
			mainGroup = 588AE22D27935D5D00F8B460;
			productRefGroup = 588AE23727935D5D00F8B460 /* Products */;
			projectDirPath = "";
			projectRoot = "";
			targets = (
				588AE23527935D5D00F8B460 /* theMealDbChallenge */,
			);
		};
/* End PBXProject section */

/* Begin PBXResourcesBuildPhase section */
		588AE23427935D5D00F8B460 /* Resources */ = {
			isa = PBXResourcesBuildPhase;
			buildActionMask = 2147483647;
			files = (
				581E3C7D27967D41003BC412 /* MealTableViewCell.xib in Resources */,
				581E3C8227967D7F003BC412 /* CategoryTableViewCell.xib in Resources */,
				588AE24627935D5E00F8B460 /* LaunchScreen.storyboard in Resources */,
				588AE24327935D5E00F8B460 /* Assets.xcassets in Resources */,
				588AE24127935D5D00F8B460 /* Main.storyboard in Resources */,
			);
			runOnlyForDeploymentPostprocessing = 0;
		};
/* End PBXResourcesBuildPhase section */

/* Begin PBXSourcesBuildPhase section */
		588AE23227935D5D00F8B460 /* Sources */ = {
			isa = PBXSourcesBuildPhase;
			buildActionMask = 2147483647;
			files = (
				588AE25227935FEF00F8B460 /* Extensions.swift in Sources */,
				588AE23E27935D5D00F8B460 /* CategoryViewController.swift in Sources */,
				588AE23A27935D5D00F8B460 /* AppDelegate.swift in Sources */,
				58D08B4E279737610010FED7 /* DetailViewController.swift in Sources */,
				588AE25627936D5A00F8B460 /* MealViewController.swift in Sources */,
				581E3C8027967D78003BC412 /* MealTableViewCell.swift in Sources */,
				588AE24E27935F0200F8B460 /* MealData.swift in Sources */,
				58D08B50279738030010FED7 /* MealDetailsData.swift in Sources */,
				588AE23C27935D5D00F8B460 /* SceneDelegate.swift in Sources */,
				581E3C8927968C10003BC412 /* Errors.swift in Sources */,
				581E3C86279680AC003BC412 /* APIHandler.swift in Sources */,
				588AE25927936DB300F8B460 /* CategoriesData.swift in Sources */,
				581E3C8427967D87003BC412 /* CategoryTableViewCell.swift in Sources */,
			);
			runOnlyForDeploymentPostprocessing = 0;
		};
/* End PBXSourcesBuildPhase section */

/* Begin PBXVariantGroup section */
		588AE23F27935D5D00F8B460 /* Main.storyboard */ = {
			isa = PBXVariantGroup;
			children = (
				588AE24027935D5D00F8B460 /* Base */,
			);
			name = Main.storyboard;
			sourceTree = "<group>";
		};
		588AE24427935D5E00F8B460 /* LaunchScreen.storyboard */ = {
			isa = PBXVariantGroup;
			children = (
				588AE24527935D5E00F8B460 /* Base */,
			);
			name = LaunchScreen.storyboard;
			sourceTree = "<group>";
		};
/* End PBXVariantGroup section */

/* Begin XCBuildConfiguration section */
		588AE24827935D5E00F8B460 /* Debug */ = {
			isa = XCBuildConfiguration;
			buildSettings = {
				ALWAYS_SEARCH_USER_PATHS = NO;
				CLANG_ANALYZER_NONNULL = YES;
				CLANG_ANALYZER_NUMBER_OBJECT_CONVERSION = YES_AGGRESSIVE;
				CLANG_CXX_LANGUAGE_STANDARD = "gnu++17";
				CLANG_CXX_LIBRARY = "libc++";
				CLANG_ENABLE_MODULES = YES;
				CLANG_ENABLE_OBJC_ARC = YES;
				CLANG_ENABLE_OBJC_WEAK = YES;
				CLANG_WARN_BLOCK_CAPTURE_AUTORELEASING = YES;
				CLANG_WARN_BOOL_CONVERSION = YES;
				CLANG_WARN_COMMA = YES;
				CLANG_WARN_CONSTANT_CONVERSION = YES;
				CLANG_WARN_DEPRECATED_OBJC_IMPLEMENTATIONS = YES;
				CLANG_WARN_DIRECT_OBJC_ISA_USAGE = YES_ERROR;
				CLANG_WARN_DOCUMENTATION_COMMENTS = YES;
				CLANG_WARN_EMPTY_BODY = YES;
				CLANG_WARN_ENUM_CONVERSION = YES;
				CLANG_WARN_INFINITE_RECURSION = YES;
				CLANG_WARN_INT_CONVERSION = YES;
				CLANG_WARN_NON_LITERAL_NULL_CONVERSION = YES;
				CLANG_WARN_OBJC_IMPLICIT_RETAIN_SELF = YES;
				CLANG_WARN_OBJC_LITERAL_CONVERSION = YES;
				CLANG_WARN_OBJC_ROOT_CLASS = YES_ERROR;
				CLANG_WARN_QUOTED_INCLUDE_IN_FRAMEWORK_HEADER = YES;
				CLANG_WARN_RANGE_LOOP_ANALYSIS = YES;
				CLANG_WARN_STRICT_PROTOTYPES = YES;
				CLANG_WARN_SUSPICIOUS_MOVE = YES;
				CLANG_WARN_UNGUARDED_AVAILABILITY = YES_AGGRESSIVE;
				CLANG_WARN_UNREACHABLE_CODE = YES;
				CLANG_WARN__DUPLICATE_METHOD_MATCH = YES;
				COPY_PHASE_STRIP = NO;
				DEBUG_INFORMATION_FORMAT = dwarf;
				ENABLE_STRICT_OBJC_MSGSEND = YES;
				ENABLE_TESTABILITY = YES;
				GCC_C_LANGUAGE_STANDARD = gnu11;
				GCC_DYNAMIC_NO_PIC = NO;
				GCC_NO_COMMON_BLOCKS = YES;
				GCC_OPTIMIZATION_LEVEL = 0;
				GCC_PREPROCESSOR_DEFINITIONS = (
					"DEBUG=1",
					"$(inherited)",
				);
				GCC_WARN_64_TO_32_BIT_CONVERSION = YES;
				GCC_WARN_ABOUT_RETURN_TYPE = YES_ERROR;
				GCC_WARN_UNDECLARED_SELECTOR = YES;
				GCC_WARN_UNINITIALIZED_AUTOS = YES_AGGRESSIVE;
				GCC_WARN_UNUSED_FUNCTION = YES;
				GCC_WARN_UNUSED_VARIABLE = YES;
				IPHONEOS_DEPLOYMENT_TARGET = 15.2;
				MTL_ENABLE_DEBUG_INFO = INCLUDE_SOURCE;
				MTL_FAST_MATH = YES;
				ONLY_ACTIVE_ARCH = YES;
				SDKROOT = iphoneos;
				SWIFT_ACTIVE_COMPILATION_CONDITIONS = DEBUG;
				SWIFT_OPTIMIZATION_LEVEL = "-Onone";
			};
			name = Debug;
		};
		588AE24927935D5E00F8B460 /* Release */ = {
			isa = XCBuildConfiguration;
			buildSettings = {
				ALWAYS_SEARCH_USER_PATHS = NO;
				CLANG_ANALYZER_NONNULL = YES;
				CLANG_ANALYZER_NUMBER_OBJECT_CONVERSION = YES_AGGRESSIVE;
				CLANG_CXX_LANGUAGE_STANDARD = "gnu++17";
				CLANG_CXX_LIBRARY = "libc++";
				CLANG_ENABLE_MODULES = YES;
				CLANG_ENABLE_OBJC_ARC = YES;
				CLANG_ENABLE_OBJC_WEAK = YES;
				CLANG_WARN_BLOCK_CAPTURE_AUTORELEASING = YES;
				CLANG_WARN_BOOL_CONVERSION = YES;
				CLANG_WARN_COMMA = YES;
				CLANG_WARN_CONSTANT_CONVERSION = YES;
				CLANG_WARN_DEPRECATED_OBJC_IMPLEMENTATIONS = YES;
				CLANG_WARN_DIRECT_OBJC_ISA_USAGE = YES_ERROR;
				CLANG_WARN_DOCUMENTATION_COMMENTS = YES;
				CLANG_WARN_EMPTY_BODY = YES;
				CLANG_WARN_ENUM_CONVERSION = YES;
				CLANG_WARN_INFINITE_RECURSION = YES;
				CLANG_WARN_INT_CONVERSION = YES;
				CLANG_WARN_NON_LITERAL_NULL_CONVERSION = YES;
				CLANG_WARN_OBJC_IMPLICIT_RETAIN_SELF = YES;
				CLANG_WARN_OBJC_LITERAL_CONVERSION = YES;
				CLANG_WARN_OBJC_ROOT_CLASS = YES_ERROR;
				CLANG_WARN_QUOTED_INCLUDE_IN_FRAMEWORK_HEADER = YES;
				CLANG_WARN_RANGE_LOOP_ANALYSIS = YES;
				CLANG_WARN_STRICT_PROTOTYPES = YES;
				CLANG_WARN_SUSPICIOUS_MOVE = YES;
				CLANG_WARN_UNGUARDED_AVAILABILITY = YES_AGGRESSIVE;
				CLANG_WARN_UNREACHABLE_CODE = YES;
				CLANG_WARN__DUPLICATE_METHOD_MATCH = YES;
				COPY_PHASE_STRIP = NO;
				DEBUG_INFORMATION_FORMAT = "dwarf-with-dsym";
				ENABLE_NS_ASSERTIONS = NO;
				ENABLE_STRICT_OBJC_MSGSEND = YES;
				GCC_C_LANGUAGE_STANDARD = gnu11;
				GCC_NO_COMMON_BLOCKS = YES;
				GCC_WARN_64_TO_32_BIT_CONVERSION = YES;
				GCC_WARN_ABOUT_RETURN_TYPE = YES_ERROR;
				GCC_WARN_UNDECLARED_SELECTOR = YES;
				GCC_WARN_UNINITIALIZED_AUTOS = YES_AGGRESSIVE;
				GCC_WARN_UNUSED_FUNCTION = YES;
				GCC_WARN_UNUSED_VARIABLE = YES;
				IPHONEOS_DEPLOYMENT_TARGET = 15.2;
				MTL_ENABLE_DEBUG_INFO = NO;
				MTL_FAST_MATH = YES;
				SDKROOT = iphoneos;
				SWIFT_COMPILATION_MODE = wholemodule;
				SWIFT_OPTIMIZATION_LEVEL = "-O";
				VALIDATE_PRODUCT = YES;
			};
			name = Release;
		};
		588AE24B27935D5E00F8B460 /* Debug */ = {
			isa = XCBuildConfiguration;
			buildSettings = {
				ASSETCATALOG_COMPILER_APPICON_NAME = AppIcon;
				ASSETCATALOG_COMPILER_GLOBAL_ACCENT_COLOR_NAME = AccentColor;
				CODE_SIGN_STYLE = Automatic;
				CURRENT_PROJECT_VERSION = 1;
				DEVELOPMENT_TEAM = M4MUQ5NS3N;
				GENERATE_INFOPLIST_FILE = YES;
				INFOPLIST_FILE = theMealDbChallenge/Info.plist;
				INFOPLIST_KEY_CFBundleDisplayName = TheMealDbApp;
				INFOPLIST_KEY_UIApplicationSupportsIndirectInputEvents = YES;
				INFOPLIST_KEY_UILaunchStoryboardName = LaunchScreen;
				INFOPLIST_KEY_UIMainStoryboardFile = Main;
				INFOPLIST_KEY_UISupportedInterfaceOrientations_iPad = "UIInterfaceOrientationPortrait UIInterfaceOrientationPortraitUpsideDown UIInterfaceOrientationLandscapeLeft UIInterfaceOrientationLandscapeRight";
				INFOPLIST_KEY_UISupportedInterfaceOrientations_iPhone = "UIInterfaceOrientationPortrait UIInterfaceOrientationLandscapeLeft UIInterfaceOrientationLandscapeRight";
				IPHONEOS_DEPLOYMENT_TARGET = 15.0;
				LD_RUNPATH_SEARCH_PATHS = (
					"$(inherited)",
					"@executable_path/Frameworks",
				);
				MARKETING_VERSION = 1.0;
				PRODUCT_BUNDLE_IDENTIFIER = com.theMealDbChallenge;
				PRODUCT_NAME = "$(TARGET_NAME)";
				SWIFT_EMIT_LOC_STRINGS = YES;
				SWIFT_VERSION = 5.0;
				TARGETED_DEVICE_FAMILY = "1,2";
			};
			name = Debug;
		};
		588AE24C27935D5E00F8B460 /* Release */ = {
			isa = XCBuildConfiguration;
			buildSettings = {
				ASSETCATALOG_COMPILER_APPICON_NAME = AppIcon;
				ASSETCATALOG_COMPILER_GLOBAL_ACCENT_COLOR_NAME = AccentColor;
				CODE_SIGN_STYLE = Automatic;
				CURRENT_PROJECT_VERSION = 1;
				DEVELOPMENT_TEAM = M4MUQ5NS3N;
				GENERATE_INFOPLIST_FILE = YES;
				INFOPLIST_FILE = theMealDbChallenge/Info.plist;
				INFOPLIST_KEY_CFBundleDisplayName = TheMealDbApp;
				INFOPLIST_KEY_UIApplicationSupportsIndirectInputEvents = YES;
				INFOPLIST_KEY_UILaunchStoryboardName = LaunchScreen;
				INFOPLIST_KEY_UIMainStoryboardFile = Main;
				INFOPLIST_KEY_UISupportedInterfaceOrientations_iPad = "UIInterfaceOrientationPortrait UIInterfaceOrientationPortraitUpsideDown UIInterfaceOrientationLandscapeLeft UIInterfaceOrientationLandscapeRight";
				INFOPLIST_KEY_UISupportedInterfaceOrientations_iPhone = "UIInterfaceOrientationPortrait UIInterfaceOrientationLandscapeLeft UIInterfaceOrientationLandscapeRight";
				IPHONEOS_DEPLOYMENT_TARGET = 15.0;
				LD_RUNPATH_SEARCH_PATHS = (
					"$(inherited)",
					"@executable_path/Frameworks",
				);
				MARKETING_VERSION = 1.0;
				PRODUCT_BUNDLE_IDENTIFIER = com.theMealDbChallenge;
				PRODUCT_NAME = "$(TARGET_NAME)";
				SWIFT_EMIT_LOC_STRINGS = YES;
				SWIFT_VERSION = 5.0;
				TARGETED_DEVICE_FAMILY = "1,2";
			};
			name = Release;
		};
/* End XCBuildConfiguration section */

/* Begin XCConfigurationList section */
		588AE23127935D5D00F8B460 /* Build configuration list for PBXProject "theMealDbChallenge" */ = {
			isa = XCConfigurationList;
			buildConfigurations = (
				588AE24827935D5E00F8B460 /* Debug */,
				588AE24927935D5E00F8B460 /* Release */,
			);
			defaultConfigurationIsVisible = 0;
			defaultConfigurationName = Release;
		};
		588AE24A27935D5E00F8B460 /* Build configuration list for PBXNativeTarget "theMealDbChallenge" */ = {
			isa = XCConfigurationList;
			buildConfigurations = (
				588AE24B27935D5E00F8B460 /* Debug */,
				588AE24C27935D5E00F8B460 /* Release */,
			);
			defaultConfigurationIsVisible = 0;
			defaultConfigurationName = Release;
		};
/* End XCConfigurationList section */
	};
	rootObject = 588AE22E27935D5D00F8B460 /* Project object */;
}
